
Microsoft Visual Studio Solution File, Format Version 12.00
# Visual Studio Version 17
VisualStudioVersion = 17.13.35931.197
MinimumVisualStudioVersion = 10.0.40219.1
Project("{FAE04EC0-301F-11D3-BF4B-00C04F79EFBC}") = "QuestPDFOverlayIssue", "QuestPDFOverlayIssue\QuestPDFOverlayIssue.csproj", "{9240B4A7-A832-4209-A005-AE206FB2DDB5}"
EndProject
Global
	GlobalSection(SolutionConfigurationPlatforms) = preSolution
		Debug|Any CPU = Debug|Any CPU
		Release|Any CPU = Release|Any CPU
	EndGlobalSection
	GlobalSection(ProjectConfigurationPlatforms) = postSolution
		{9240B4A7-A832-4209-A005-AE206FB2DDB5}.Debug|Any CPU.ActiveCfg = Debug|Any CPU
		{9240B4A7-A832-4209-A005-AE206FB2DDB5}.Debug|Any CPU.Build.0 = Debug|Any CPU
		{9240B4A7-A832-4209-A005-AE206FB2DDB5}.Release|Any CPU.ActiveCfg = Release|Any CPU
		{9240B4A7-A832-4209-A005-AE206FB2DDB5}.Release|Any CPU.Build.0 = Release|Any CPU
	EndGlobalSection
	GlobalSection(SolutionProperties) = preSolution
		HideSolutionNode = FALSE
	EndGlobalSection
	GlobalSection(ExtensibilityGlobals) = postSolution
		SolutionGuid = {75C31ADE-06CB-40A6-8891-DA968FF5CABC}
	EndGlobalSection
EndGlobal
